
Microsoft Visual Studio Solution File, Format Version 12.00
# Visual Studio Version 17
VisualStudioVersion = 17.11.35312.102
MinimumVisualStudioVersion = 10.0.40219.1
Project("{D2ABAB84-BF74-430A-B69E-9DC6D40DDA17}") = "SSAS_instacart", "SSAS_instacart\SSAS_instacart.dwproj", "{546D82AF-ED9C-42CB-921E-CE91FD75D3FE}"
EndProject
Global
	GlobalSection(SolutionConfigurationPlatforms) = preSolution
		Development|Default = Development|Default
	EndGlobalSection
	GlobalSection(ProjectConfigurationPlatforms) = postSolution
		{546D82AF-ED9C-42CB-921E-CE91FD75D3FE}.Development|Default.ActiveCfg = Development
		{546D82AF-ED9C-42CB-921E-CE91FD75D3FE}.Development|Default.Build.0 = Development
		{546D82AF-ED9C-42CB-921E-CE91FD75D3FE}.Development|Default.Deploy.0 = Development
	EndGlobalSection
	GlobalSection(SolutionProperties) = preSolution
		HideSolutionNode = FALSE
	EndGlobalSection
	GlobalSection(ExtensibilityGlobals) = postSolution
		SolutionGuid = {6E6F5081-F47F-471D-B4EE-33FE9B795964}
	EndGlobalSection
EndGlobal
